
Microsoft Visual Studio Solution File, Format Version 12.00
# Visual Studio 14
VisualStudioVersion = 14.0.25420.1
MinimumVisualStudioVersion = 10.0.40219.1
Project("{8BB2217D-0F2D-49D1-97BC-3654ED321F3B}") = "CISK.WebShop", "CISK.WebShop\CISK.WebShop.xproj", "{3048C2DF-80A1-4AF0-88C1-A8D04B533B32}"
EndProject
Global
	GlobalSection(SolutionConfigurationPlatforms) = preSolution
		Debug|Any CPU = Debug|Any CPU
		Release|Any CPU = Release|Any CPU
	EndGlobalSection
	GlobalSection(ProjectConfigurationPlatforms) = postSolution
		{3048C2DF-80A1-4AF0-88C1-A8D04B533B32}.Debug|Any CPU.ActiveCfg = Debug|Any CPU
		{3048C2DF-80A1-4AF0-88C1-A8D04B533B32}.Debug|Any CPU.Build.0 = Debug|Any CPU
		{3048C2DF-80A1-4AF0-88C1-A8D04B533B32}.Release|Any CPU.ActiveCfg = Release|Any CPU
		{3048C2DF-80A1-4AF0-88C1-A8D04B533B32}.Release|Any CPU.Build.0 = Release|Any CPU
	EndGlobalSection
	GlobalSection(SolutionProperties) = preSolution
		HideSolutionNode = FALSE
	EndGlobalSection
EndGlobal
